{
    "version": 3,
    "terraform_version": "0.11.11",
    "serial": 3,
    "lineage": "00811cdb-87ed-5afb-62b1-6853e65cecc4",
    "modules": [
        {
            "path": [
                "root"
            ],
            "outputs": {
                "external_ip": {
                    "sensitive": false,
                    "type": "string",
                    "value": ""
                }
            },
            "resources": {
                "google_compute_instance.database": {
                    "type": "google_compute_instance",
                    "depends_on": [],
                    "primary": {
                        "id": "database",
                        "attributes": {
                            "attached_disk.#": "0",
                            "boot_disk.#": "1",
                            "boot_disk.0.auto_delete": "true",
                            "boot_disk.0.device_name": "persistent-disk-0",
                            "boot_disk.0.disk_encryption_key_raw": "",
                            "boot_disk.0.disk_encryption_key_sha256": "",
                            "boot_disk.0.initialize_params.#": "1",
                            "boot_disk.0.initialize_params.0.image": "https://www.googleapis.com/compute/v1/projects/ubuntu-os-cloud/global/images/ubuntu-1804-bionic-v20190212a",
                            "boot_disk.0.initialize_params.0.size": "10",
                            "boot_disk.0.initialize_params.0.type": "pd-standard",
                            "boot_disk.0.source": "https://www.googleapis.com/compute/v1/projects/my-project-jeevan-233303/zones/us-west1-a/disks/database",
                            "can_ip_forward": "false",
                            "cpu_platform": "Intel Broadwell",
                            "deletion_protection": "false",
                            "guest_accelerator.#": "0",
                            "hostname": "",
                            "id": "database",
                            "instance_id": "3328533063127266327",
                            "label_fingerprint": "42WmSpB8rSM=",
                            "labels.%": "0",
                            "machine_type": "n1-standard-2",
                            "metadata.%": "1",
                            "metadata.sshKeys": "ubuntu:ssh-rsa AAAAB3NzaC1yc2EAAAADAQABAAABAQDgl05FFYoCyNblR+gTIgCpw4sEf/MTlZh7v/tZg+Yxyr/Ng353y+c2qR3coVqgpC3EEqBIT4xUsHhQ5NFHT7S8pL3sfXLoq7x7dS2E9bDSXOvOK5jaawbUudGDx0wot02ldZfb6ji0L4bvPq2n/hiFS2m36Ug1eAjk+l20fn/JppdOlocg6BEH4BSjw54XDIhov+/au/KzpTZNdtQ2eS08zd1DSniWTADfnf4jeVHe/4vprHsITyR0IFuU5g4iSyP8i/QZUq4Xx566gJH/zYEfQY/4/ItHL/wORqCKZwOVr6wWzGZnJdBJ9oUSKHZrxouXewBVMKR1VLnwKktPISZJ jeevan@instance-1\n",
                            "metadata_fingerprint": "gO6oIQ44I24=",
                            "metadata_startup_script": "",
                            "min_cpu_platform": "",
                            "name": "database",
                            "network_interface.#": "1",
                            "network_interface.0.access_config.#": "1",
                            "network_interface.0.access_config.0.assigned_nat_ip": "",
                            "network_interface.0.access_config.0.nat_ip": "35.199.155.168",
                            "network_interface.0.access_config.0.network_tier": "PREMIUM",
                            "network_interface.0.access_config.0.public_ptr_domain_name": "",
                            "network_interface.0.address": "",
                            "network_interface.0.alias_ip_range.#": "0",
                            "network_interface.0.name": "nic0",
                            "network_interface.0.network": "https://www.googleapis.com/compute/v1/projects/my-project-jeevan-233303/global/networks/default",
                            "network_interface.0.network_ip": "10.138.0.2",
                            "network_interface.0.subnetwork": "https://www.googleapis.com/compute/v1/projects/my-project-jeevan-233303/regions/us-west1/subnetworks/default",
                            "network_interface.0.subnetwork_project": "my-project-jeevan-233303",
                            "project": "my-project-jeevan-233303",
                            "scheduling.#": "1",
                            "scheduling.0.automatic_restart": "true",
                            "scheduling.0.on_host_maintenance": "MIGRATE",
                            "scheduling.0.preemptible": "false",
                            "scratch_disk.#": "1",
                            "scratch_disk.0.interface": "SCSI",
                            "self_link": "https://www.googleapis.com/compute/v1/projects/my-project-jeevan-233303/zones/us-west1-a/instances/database",
                            "service_account.#": "0",
                            "tags.#": "1",
                            "tags.3824466984": "db",
                            "tags_fingerprint": "iLlpKeTIHqY=",
                            "zone": "us-west1-a"
                        },
                        "meta": {
                            "e2bfb730-ecaa-11e6-8f88-34363bc7c4c0": {
                                "create": 360000000000,
                                "delete": 360000000000,
                                "update": 360000000000
                            },
                            "schema_version": "6"
                        },
                        "tainted": false
                    },
                    "deposed": [],
                    "provider": "provider.google"
                }
            },
            "depends_on": []
        }
    ]
}
